
Microsoft Visual Studio Solution File, Format Version 12.00
# Visual Studio Version 16
VisualStudioVersion = 16.0.30804.86
MinimumVisualStudioVersion = 10.0.40219.1
Project("{FAE04EC0-301F-11D3-BF4B-00C04F79EFBC}") = "PIV_Projekt", "PIV_Projekt\PIV_Projekt.csproj", "{C2170769-3FA2-4A79-A352-CF7D60F98FE7}"
EndProject
Global
	GlobalSection(SolutionConfigurationPlatforms) = preSolution
		Debug|Any CPU = Debug|Any CPU
		Release|Any CPU = Release|Any CPU
	EndGlobalSection
	GlobalSection(ProjectConfigurationPlatforms) = postSolution
		{C2170769-3FA2-4A79-A352-CF7D60F98FE7}.Debug|Any CPU.ActiveCfg = Debug|Any CPU
		{C2170769-3FA2-4A79-A352-CF7D60F98FE7}.Debug|Any CPU.Build.0 = Debug|Any CPU
		{C2170769-3FA2-4A79-A352-CF7D60F98FE7}.Release|Any CPU.ActiveCfg = Release|Any CPU
		{C2170769-3FA2-4A79-A352-CF7D60F98FE7}.Release|Any CPU.Build.0 = Release|Any CPU
	EndGlobalSection
	GlobalSection(SolutionProperties) = preSolution
		HideSolutionNode = FALSE
	EndGlobalSection
	GlobalSection(ExtensibilityGlobals) = postSolution
		SolutionGuid = {B1E8249A-33BB-4A6A-846C-21D96E47D2B3}
	EndGlobalSection
EndGlobal
